
Microsoft Visual Studio Solution File, Format Version 12.00
# Visual Studio Version 17
VisualStudioVersion = 17.4.33205.214
MinimumVisualStudioVersion = 10.0.40219.1
Project("{888888A0-9F3D-457C-B088-3A5042F75D52}") = "finalprojectweb", "finalprojectweb.pyproj", "{E94D1805-A9F9-49BE-A912-173F90B5979B}"
EndProject
Global
	GlobalSection(SolutionConfigurationPlatforms) = preSolution
		Debug|Any CPU = Debug|Any CPU
		Release|Any CPU = Release|Any CPU
	EndGlobalSection
	GlobalSection(ProjectConfigurationPlatforms) = postSolution
		{E94D1805-A9F9-49BE-A912-173F90B5979B}.Debug|Any CPU.ActiveCfg = Debug|Any CPU
		{E94D1805-A9F9-49BE-A912-173F90B5979B}.Debug|Any CPU.Build.0 = Debug|Any CPU
		{E94D1805-A9F9-49BE-A912-173F90B5979B}.Release|Any CPU.ActiveCfg = Release|Any CPU
		{E94D1805-A9F9-49BE-A912-173F90B5979B}.Release|Any CPU.Build.0 = Release|Any CPU
	EndGlobalSection
	GlobalSection(SolutionProperties) = preSolution
		HideSolutionNode = FALSE
	EndGlobalSection
	GlobalSection(ExtensibilityGlobals) = postSolution
		SolutionGuid = {869E13B0-7E5C-48E4-AC01-8977BF92D5AF}
	EndGlobalSection
EndGlobal
